
Microsoft Visual Studio Solution File, Format Version 12.00
# Visual Studio 15
VisualStudioVersion = 15.0.26430.4
MinimumVisualStudioVersion = 10.0.40219.1
Project("{FAE04EC0-301F-11D3-BF4B-00C04F79EFBC}") = "bazaar.Android", "bazaar\bazaar.Android\bazaar.Android.csproj", "{29E509B4-D025-402F-B727-2388A50CF149}"
EndProject
Project("{FAE04EC0-301F-11D3-BF4B-00C04F79EFBC}") = "bazaar", "bazaar\bazaar\bazaar.csproj", "{E0133B52-EA9B-4E81-97B5-C2E5110A0436}"
EndProject
Project("{FAE04EC0-301F-11D3-BF4B-00C04F79EFBC}") = "bazaar.UWP", "bazaar\bazaar.UWP\bazaar.UWP.csproj", "{B3C8307F-0CED-4421-BE45-DC268DD64EAE}"
EndProject
Project("{FAE04EC0-301F-11D3-BF4B-00C04F79EFBC}") = "bazaar.iOS", "bazaar\bazaar.iOS\bazaar.iOS.csproj", "{055959C4-B244-4793-9F98-3480D007BFC8}"
EndProject
Project("{FAE04EC0-301F-11D3-BF4B-00C04F79EFBC}") = "bazaarLibTest", "bazaarLibTest\bazaarLibTest.csproj", "{2E3DF5C2-8A38-4A03-86D7-8D463C917E47}"
EndProject
Global
	GlobalSection(SolutionConfigurationPlatforms) = preSolution
		Ad-Hoc|Any CPU = Ad-Hoc|Any CPU
		Ad-Hoc|ARM = Ad-Hoc|ARM
		Ad-Hoc|iPhone = Ad-Hoc|iPhone
		Ad-Hoc|iPhoneSimulator = Ad-Hoc|iPhoneSimulator
		Ad-Hoc|x64 = Ad-Hoc|x64
		Ad-Hoc|x86 = Ad-Hoc|x86
		AppStore|Any CPU = AppStore|Any CPU
		AppStore|ARM = AppStore|ARM
		AppStore|iPhone = AppStore|iPhone
		AppStore|iPhoneSimulator = AppStore|iPhoneSimulator
		AppStore|x64 = AppStore|x64
		AppStore|x86 = AppStore|x86
		Debug|Any CPU = Debug|Any CPU
		Debug|ARM = Debug|ARM
		Debug|iPhone = Debug|iPhone
		Debug|iPhoneSimulator = Debug|iPhoneSimulator
		Debug|x64 = Debug|x64
		Debug|x86 = Debug|x86
		Release|Any CPU = Release|Any CPU
		Release|ARM = Release|ARM
		Release|iPhone = Release|iPhone
		Release|iPhoneSimulator = Release|iPhoneSimulator
		Release|x64 = Release|x64
		Release|x86 = Release|x86
	EndGlobalSection
	GlobalSection(ProjectConfigurationPlatforms) = postSolution
		{29E509B4-D025-402F-B727-2388A50CF149}.Ad-Hoc|Any CPU.ActiveCfg = Release|Any CPU
		{29E509B4-D025-402F-B727-2388A50CF149}.Ad-Hoc|Any CPU.Build.0 = Release|Any CPU
		{29E509B4-D025-402F-B727-2388A50CF149}.Ad-Hoc|Any CPU.Deploy.0 = Release|Any CPU
		{29E509B4-D025-402F-B727-2388A50CF149}.Ad-Hoc|ARM.ActiveCfg = Release|Any CPU
		{29E509B4-D025-402F-B727-2388A50CF149}.Ad-Hoc|ARM.Build.0 = Release|Any CPU
		{29E509B4-D025-402F-B727-2388A50CF149}.Ad-Hoc|ARM.Deploy.0 = Release|Any CPU
		{29E509B4-D025-402F-B727-2388A50CF149}.Ad-Hoc|iPhone.ActiveCfg = Release|Any CPU
		{29E509B4-D025-402F-B727-2388A50CF149}.Ad-Hoc|iPhone.Build.0 = Release|Any CPU
		{29E509B4-D025-402F-B727-2388A50CF149}.Ad-Hoc|iPhone.Deploy.0 = Release|Any CPU
		{29E509B4-D025-402F-B727-2388A50CF149}.Ad-Hoc|iPhoneSimulator.ActiveCfg = Release|Any CPU
		{29E509B4-D025-402F-B727-2388A50CF149}.Ad-Hoc|iPhoneSimulator.Build.0 = Release|Any CPU
		{29E509B4-D025-402F-B727-2388A50CF149}.Ad-Hoc|iPhoneSimulator.Deploy.0 = Release|Any CPU
		{29E509B4-D025-402F-B727-2388A50CF149}.Ad-Hoc|x64.ActiveCfg = Release|Any CPU
		{29E509B4-D025-402F-B727-2388A50CF149}.Ad-Hoc|x64.Build.0 = Release|Any CPU
		{29E509B4-D025-402F-B727-2388A50CF149}.Ad-Hoc|x64.Deploy.0 = Release|Any CPU
		{29E509B4-D025-402F-B727-2388A50CF149}.Ad-Hoc|x86.ActiveCfg = Release|Any CPU
		{29E509B4-D025-402F-B727-2388A50CF149}.Ad-Hoc|x86.Build.0 = Release|Any CPU
		{29E509B4-D025-402F-B727-2388A50CF149}.Ad-Hoc|x86.Deploy.0 = Release|Any CPU
		{29E509B4-D025-402F-B727-2388A50CF149}.AppStore|Any CPU.ActiveCfg = Release|Any CPU
		{29E509B4-D025-402F-B727-2388A50CF149}.AppStore|Any CPU.Build.0 = Release|Any CPU
		{29E509B4-D025-402F-B727-2388A50CF149}.AppStore|Any CPU.Deploy.0 = Release|Any CPU
		{29E509B4-D025-402F-B727-2388A50CF149}.AppStore|ARM.ActiveCfg = Release|Any CPU
		{29E509B4-D025-402F-B727-2388A50CF149}.AppStore|ARM.Build.0 = Release|Any CPU
		{29E509B4-D025-402F-B727-2388A50CF149}.AppStore|ARM.Deploy.0 = Release|Any CPU
		{29E509B4-D025-402F-B727-2388A50CF149}.AppStore|iPhone.ActiveCfg = Release|Any CPU
		{29E509B4-D025-402F-B727-2388A50CF149}.AppStore|iPhone.Build.0 = Release|Any CPU
		{29E509B4-D025-402F-B727-2388A50CF149}.AppStore|iPhone.Deploy.0 = Release|Any CPU
		{29E509B4-D025-402F-B727-2388A50CF149}.AppStore|iPhoneSimulator.ActiveCfg = Release|Any CPU
		{29E509B4-D025-402F-B727-2388A50CF149}.AppStore|iPhoneSimulator.Build.0 = Release|Any CPU
		{29E509B4-D025-402F-B727-2388A50CF149}.AppStore|iPhoneSimulator.Deploy.0 = Release|Any CPU
		{29E509B4-D025-402F-B727-2388A50CF149}.AppStore|x64.ActiveCfg = Release|Any CPU
		{29E509B4-D025-402F-B727-2388A50CF149}.AppStore|x64.Build.0 = Release|Any CPU
		{29E509B4-D025-402F-B727-2388A50CF149}.AppStore|x64.Deploy.0 = Release|Any CPU
		{29E509B4-D025-402F-B727-2388A50CF149}.AppStore|x86.ActiveCfg = Release|Any CPU
		{29E509B4-D025-402F-B727-2388A50CF149}.AppStore|x86.Build.0 = Release|Any CPU
		{29E509B4-D025-402F-B727-2388A50CF149}.AppStore|x86.Deploy.0 = Release|Any CPU
		{29E509B4-D025-402F-B727-2388A50CF149}.Debug|Any CPU.ActiveCfg = Debug|Any CPU
		{29E509B4-D025-402F-B727-2388A50CF149}.Debug|Any CPU.Build.0 = Debug|Any CPU
		{29E509B4-D025-402F-B727-2388A50CF149}.Debug|Any CPU.Deploy.0 = Debug|Any CPU
		{29E509B4-D025-402F-B727-2388A50CF149}.Debug|ARM.ActiveCfg = Debug|Any CPU
		{29E509B4-D025-402F-B727-2388A50CF149}.Debug|ARM.Build.0 = Debug|Any CPU
		{29E509B4-D025-402F-B727-2388A50CF149}.Debug|ARM.Deploy.0 = Debug|Any CPU
		{29E509B4-D025-402F-B727-2388A50CF149}.Debug|iPhone.ActiveCfg = Debug|Any CPU
		{29E509B4-D025-402F-B727-2388A50CF149}.Debug|iPhone.Build.0 = Debug|Any CPU
		{29E509B4-D025-402F-B727-2388A50CF149}.Debug|iPhone.Deploy.0 = Debug|Any CPU
		{29E509B4-D025-402F-B727-2388A50CF149}.Debug|iPhoneSimulator.ActiveCfg = Debug|Any CPU
		{29E509B4-D025-402F-B727-2388A50CF149}.Debug|iPhoneSimulator.Build.0 = Debug|Any CPU
		{29E509B4-D025-402F-B727-2388A50CF149}.Debug|iPhoneSimulator.Deploy.0 = Debug|Any CPU
		{29E509B4-D025-402F-B727-2388A50CF149}.Debug|x64.ActiveCfg = Debug|Any CPU
		{29E509B4-D025-402F-B727-2388A50CF149}.Debug|x64.Build.0 = Debug|Any CPU
		{29E509B4-D025-402F-B727-2388A50CF149}.Debug|x64.Deploy.0 = Debug|Any CPU
		{29E509B4-D025-402F-B727-2388A50CF149}.Debug|x86.ActiveCfg = Debug|Any CPU
		{29E509B4-D025-402F-B727-2388A50CF149}.Debug|x86.Build.0 = Debug|Any CPU
		{29E509B4-D025-402F-B727-2388A50CF149}.Debug|x86.Deploy.0 = Debug|Any CPU
		{29E509B4-D025-402F-B727-2388A50CF149}.Release|Any CPU.ActiveCfg = Release|Any CPU
		{29E509B4-D025-402F-B727-2388A50CF149}.Release|Any CPU.Build.0 = Release|Any CPU
		{29E509B4-D025-402F-B727-2388A50CF149}.Release|Any CPU.Deploy.0 = Release|Any CPU
		{29E509B4-D025-402F-B727-2388A50CF149}.Release|ARM.ActiveCfg = Release|Any CPU
		{29E509B4-D025-402F-B727-2388A50CF149}.Release|ARM.Build.0 = Release|Any CPU
		{29E509B4-D025-402F-B727-2388A50CF149}.Release|ARM.Deploy.0 = Release|Any CPU
		{29E509B4-D025-402F-B727-2388A50CF149}.Release|iPhone.ActiveCfg = Release|Any CPU
		{29E509B4-D025-402F-B727-2388A50CF149}.Release|iPhone.Build.0 = Release|Any CPU
		{29E509B4-D025-402F-B727-2388A50CF149}.Release|iPhone.Deploy.0 = Release|Any CPU
		{29E509B4-D025-402F-B727-2388A50CF149}.Release|iPhoneSimulator.ActiveCfg = Release|Any CPU
		{29E509B4-D025-402F-B727-2388A50CF149}.Release|iPhoneSimulator.Build.0 = Release|Any CPU
		{29E509B4-D025-402F-B727-2388A50CF149}.Release|iPhoneSimulator.Deploy.0 = Release|Any CPU
		{29E509B4-D025-402F-B727-2388A50CF149}.Release|x64.ActiveCfg = Release|Any CPU
		{29E509B4-D025-402F-B727-2388A50CF149}.Release|x64.Build.0 = Release|Any CPU
		{29E509B4-D025-402F-B727-2388A50CF149}.Release|x64.Deploy.0 = Release|Any CPU
		{29E509B4-D025-402F-B727-2388A50CF149}.Release|x86.ActiveCfg = Release|Any CPU
		{29E509B4-D025-402F-B727-2388A50CF149}.Release|x86.Build.0 = Release|Any CPU
		{29E509B4-D025-402F-B727-2388A50CF149}.Release|x86.Deploy.0 = Release|Any CPU
		{E0133B52-EA9B-4E81-97B5-C2E5110A0436}.Ad-Hoc|Any CPU.ActiveCfg = Release|Any CPU
		{E0133B52-EA9B-4E81-97B5-C2E5110A0436}.Ad-Hoc|Any CPU.Build.0 = Release|Any CPU
		{E0133B52-EA9B-4E81-97B5-C2E5110A0436}.Ad-Hoc|ARM.ActiveCfg = Release|Any CPU
		{E0133B52-EA9B-4E81-97B5-C2E5110A0436}.Ad-Hoc|ARM.Build.0 = Release|Any CPU
		{E0133B52-EA9B-4E81-97B5-C2E5110A0436}.Ad-Hoc|iPhone.ActiveCfg = Release|Any CPU
		{E0133B52-EA9B-4E81-97B5-C2E5110A0436}.Ad-Hoc|iPhone.Build.0 = Release|Any CPU
		{E0133B52-EA9B-4E81-97B5-C2E5110A0436}.Ad-Hoc|iPhoneSimulator.ActiveCfg = Release|Any CPU
		{E0133B52-EA9B-4E81-97B5-C2E5110A0436}.Ad-Hoc|iPhoneSimulator.Build.0 = Release|Any CPU
		{E0133B52-EA9B-4E81-97B5-C2E5110A0436}.Ad-Hoc|x64.ActiveCfg = Release|Any CPU
		{E0133B52-EA9B-4E81-97B5-C2E5110A0436}.Ad-Hoc|x64.Build.0 = Release|Any CPU
		{E0133B52-EA9B-4E81-97B5-C2E5110A0436}.Ad-Hoc|x86.ActiveCfg = Release|Any CPU
		{E0133B52-EA9B-4E81-97B5-C2E5110A0436}.Ad-Hoc|x86.Build.0 = Release|Any CPU
		{E0133B52-EA9B-4E81-97B5-C2E5110A0436}.AppStore|Any CPU.ActiveCfg = Release|Any CPU
		{E0133B52-EA9B-4E81-97B5-C2E5110A0436}.AppStore|Any CPU.Build.0 = Release|Any CPU
		{E0133B52-EA9B-4E81-97B5-C2E5110A0436}.AppStore|ARM.ActiveCfg = Release|Any CPU
		{E0133B52-EA9B-4E81-97B5-C2E5110A0436}.AppStore|ARM.Build.0 = Release|Any CPU
		{E0133B52-EA9B-4E81-97B5-C2E5110A0436}.AppStore|iPhone.ActiveCfg = Release|Any CPU
		{E0133B52-EA9B-4E81-97B5-C2E5110A0436}.AppStore|iPhone.Build.0 = Release|Any CPU
		{E0133B52-EA9B-4E81-97B5-C2E5110A0436}.AppStore|iPhoneSimulator.ActiveCfg = Release|Any CPU
		{E0133B52-EA9B-4E81-97B5-C2E5110A0436}.AppStore|iPhoneSimulator.Build.0 = Release|Any CPU
		{E0133B52-EA9B-4E81-97B5-C2E5110A0436}.AppStore|x64.ActiveCfg = Release|Any CPU
		{E0133B52-EA9B-4E81-97B5-C2E5110A0436}.AppStore|x64.Build.0 = Release|Any CPU
		{E0133B52-EA9B-4E81-97B5-C2E5110A0436}.AppStore|x86.ActiveCfg = Release|Any CPU
		{E0133B52-EA9B-4E81-97B5-C2E5110A0436}.AppStore|x86.Build.0 = Release|Any CPU
		{E0133B52-EA9B-4E81-97B5-C2E5110A0436}.Debug|Any CPU.ActiveCfg = Debug|Any CPU
		{E0133B52-EA9B-4E81-97B5-C2E5110A0436}.Debug|Any CPU.Build.0 = Debug|Any CPU
		{E0133B52-EA9B-4E81-97B5-C2E5110A0436}.Debug|ARM.ActiveCfg = Debug|Any CPU
		{E0133B52-EA9B-4E81-97B5-C2E5110A0436}.Debug|ARM.Build.0 = Debug|Any CPU
		{E0133B52-EA9B-4E81-97B5-C2E5110A0436}.Debug|iPhone.ActiveCfg = Debug|Any CPU
		{E0133B52-EA9B-4E81-97B5-C2E5110A0436}.Debug|iPhone.Build.0 = Debug|Any CPU
		{E0133B52-EA9B-4E81-97B5-C2E5110A0436}.Debug|iPhoneSimulator.ActiveCfg = Debug|Any CPU
		{E0133B52-EA9B-4E81-97B5-C2E5110A0436}.Debug|iPhoneSimulator.Build.0 = Debug|Any CPU
		{E0133B52-EA9B-4E81-97B5-C2E5110A0436}.Debug|x64.ActiveCfg = Debug|Any CPU
		{E0133B52-EA9B-4E81-97B5-C2E5110A0436}.Debug|x64.Build.0 = Debug|Any CPU
		{E0133B52-EA9B-4E81-97B5-C2E5110A0436}.Debug|x86.ActiveCfg = Debug|Any CPU
		{E0133B52-EA9B-4E81-97B5-C2E5110A0436}.Debug|x86.Build.0 = Debug|Any CPU
		{E0133B52-EA9B-4E81-97B5-C2E5110A0436}.Release|Any CPU.ActiveCfg = Release|Any CPU
		{E0133B52-EA9B-4E81-97B5-C2E5110A0436}.Release|Any CPU.Build.0 = Release|Any CPU
		{E0133B52-EA9B-4E81-97B5-C2E5110A0436}.Release|ARM.ActiveCfg = Release|Any CPU
		{E0133B52-EA9B-4E81-97B5-C2E5110A0436}.Release|ARM.Build.0 = Release|Any CPU
		{E0133B52-EA9B-4E81-97B5-C2E5110A0436}.Release|iPhone.ActiveCfg = Release|Any CPU
		{E0133B52-EA9B-4E81-97B5-C2E5110A0436}.Release|iPhone.Build.0 = Release|Any CPU
		{E0133B52-EA9B-4E81-97B5-C2E5110A0436}.Release|iPhoneSimulator.ActiveCfg = Release|Any CPU
		{E0133B52-EA9B-4E81-97B5-C2E5110A0436}.Release|iPhoneSimulator.Build.0 = Release|Any CPU
		{E0133B52-EA9B-4E81-97B5-C2E5110A0436}.Release|x64.ActiveCfg = Release|Any CPU
		{E0133B52-EA9B-4E81-97B5-C2E5110A0436}.Release|x64.Build.0 = Release|Any CPU
		{E0133B52-EA9B-4E81-97B5-C2E5110A0436}.Release|x86.ActiveCfg = Release|Any CPU
		{E0133B52-EA9B-4E81-97B5-C2E5110A0436}.Release|x86.Build.0 = Release|Any CPU
		{B3C8307F-0CED-4421-BE45-DC268DD64EAE}.Ad-Hoc|Any CPU.ActiveCfg = Release|x86
		{B3C8307F-0CED-4421-BE45-DC268DD64EAE}.Ad-Hoc|Any CPU.Build.0 = Release|x86
		{B3C8307F-0CED-4421-BE45-DC268DD64EAE}.Ad-Hoc|Any CPU.Deploy.0 = Release|x86
		{B3C8307F-0CED-4421-BE45-DC268DD64EAE}.Ad-Hoc|ARM.ActiveCfg = Release|ARM
		{B3C8307F-0CED-4421-BE45-DC268DD64EAE}.Ad-Hoc|ARM.Build.0 = Release|ARM
		{B3C8307F-0CED-4421-BE45-DC268DD64EAE}.Ad-Hoc|ARM.Deploy.0 = Release|ARM
		{B3C8307F-0CED-4421-BE45-DC268DD64EAE}.Ad-Hoc|iPhone.ActiveCfg = Release|x86
		{B3C8307F-0CED-4421-BE45-DC268DD64EAE}.Ad-Hoc|iPhone.Build.0 = Release|x86
		{B3C8307F-0CED-4421-BE45-DC268DD64EAE}.Ad-Hoc|iPhone.Deploy.0 = Release|x86
		{B3C8307F-0CED-4421-BE45-DC268DD64EAE}.Ad-Hoc|iPhoneSimulator.ActiveCfg = Release|x86
		{B3C8307F-0CED-4421-BE45-DC268DD64EAE}.Ad-Hoc|iPhoneSimulator.Build.0 = Release|x86
		{B3C8307F-0CED-4421-BE45-DC268DD64EAE}.Ad-Hoc|iPhoneSimulator.Deploy.0 = Release|x86
		{B3C8307F-0CED-4421-BE45-DC268DD64EAE}.Ad-Hoc|x64.ActiveCfg = Release|x64
		{B3C8307F-0CED-4421-BE45-DC268DD64EAE}.Ad-Hoc|x64.Build.0 = Release|x64
		{B3C8307F-0CED-4421-BE45-DC268DD64EAE}.Ad-Hoc|x64.Deploy.0 = Release|x64
		{B3C8307F-0CED-4421-BE45-DC268DD64EAE}.Ad-Hoc|x86.ActiveCfg = Release|x86
		{B3C8307F-0CED-4421-BE45-DC268DD64EAE}.Ad-Hoc|x86.Build.0 = Release|x86
		{B3C8307F-0CED-4421-BE45-DC268DD64EAE}.Ad-Hoc|x86.Deploy.0 = Release|x86
		{B3C8307F-0CED-4421-BE45-DC268DD64EAE}.AppStore|Any CPU.ActiveCfg = Release|x86
		{B3C8307F-0CED-4421-BE45-DC268DD64EAE}.AppStore|Any CPU.Build.0 = Release|x86
		{B3C8307F-0CED-4421-BE45-DC268DD64EAE}.AppStore|Any CPU.Deploy.0 = Release|x86
		{B3C8307F-0CED-4421-BE45-DC268DD64EAE}.AppStore|ARM.ActiveCfg = Release|ARM
		{B3C8307F-0CED-4421-BE45-DC268DD64EAE}.AppStore|ARM.Build.0 = Release|ARM
		{B3C8307F-0CED-4421-BE45-DC268DD64EAE}.AppStore|ARM.Deploy.0 = Release|ARM
		{B3C8307F-0CED-4421-BE45-DC268DD64EAE}.AppStore|iPhone.ActiveCfg = Release|x86
		{B3C8307F-0CED-4421-BE45-DC268DD64EAE}.AppStore|iPhone.Build.0 = Release|x86
		{B3C8307F-0CED-4421-BE45-DC268DD64EAE}.AppStore|iPhone.Deploy.0 = Release|x86
		{B3C8307F-0CED-4421-BE45-DC268DD64EAE}.AppStore|iPhoneSimulator.ActiveCfg = Release|x86
		{B3C8307F-0CED-4421-BE45-DC268DD64EAE}.AppStore|iPhoneSimulator.Build.0 = Release|x86
		{B3C8307F-0CED-4421-BE45-DC268DD64EAE}.AppStore|iPhoneSimulator.Deploy.0 = Release|x86
		{B3C8307F-0CED-4421-BE45-DC268DD64EAE}.AppStore|x64.ActiveCfg = Release|x64
		{B3C8307F-0CED-4421-BE45-DC268DD64EAE}.AppStore|x64.Build.0 = Release|x64
		{B3C8307F-0CED-4421-BE45-DC268DD64EAE}.AppStore|x64.Deploy.0 = Release|x64
		{B3C8307F-0CED-4421-BE45-DC268DD64EAE}.AppStore|x86.ActiveCfg = Release|x86
		{B3C8307F-0CED-4421-BE45-DC268DD64EAE}.AppStore|x86.Build.0 = Release|x86
		{B3C8307F-0CED-4421-BE45-DC268DD64EAE}.AppStore|x86.Deploy.0 = Release|x86
		{B3C8307F-0CED-4421-BE45-DC268DD64EAE}.Debug|Any CPU.ActiveCfg = Debug|x86
		{B3C8307F-0CED-4421-BE45-DC268DD64EAE}.Debug|ARM.ActiveCfg = Debug|ARM
		{B3C8307F-0CED-4421-BE45-DC268DD64EAE}.Debug|ARM.Build.0 = Debug|ARM
		{B3C8307F-0CED-4421-BE45-DC268DD64EAE}.Debug|ARM.Deploy.0 = Debug|ARM
		{B3C8307F-0CED-4421-BE45-DC268DD64EAE}.Debug|iPhone.ActiveCfg = Debug|x86
		{B3C8307F-0CED-4421-BE45-DC268DD64EAE}.Debug|iPhoneSimulator.ActiveCfg = Debug|x86
		{B3C8307F-0CED-4421-BE45-DC268DD64EAE}.Debug|x64.ActiveCfg = Debug|x64
		{B3C8307F-0CED-4421-BE45-DC268DD64EAE}.Debug|x64.Build.0 = Debug|x64
		{B3C8307F-0CED-4421-BE45-DC268DD64EAE}.Debug|x64.Deploy.0 = Debug|x64
		{B3C8307F-0CED-4421-BE45-DC268DD64EAE}.Debug|x86.ActiveCfg = Debug|x86
		{B3C8307F-0CED-4421-BE45-DC268DD64EAE}.Debug|x86.Build.0 = Debug|x86
		{B3C8307F-0CED-4421-BE45-DC268DD64EAE}.Debug|x86.Deploy.0 = Debug|x86
		{B3C8307F-0CED-4421-BE45-DC268DD64EAE}.Release|Any CPU.ActiveCfg = Release|x86
		{B3C8307F-0CED-4421-BE45-DC268DD64EAE}.Release|ARM.ActiveCfg = Release|ARM
		{B3C8307F-0CED-4421-BE45-DC268DD64EAE}.Release|ARM.Build.0 = Release|ARM
		{B3C8307F-0CED-4421-BE45-DC268DD64EAE}.Release|ARM.Deploy.0 = Release|ARM
		{B3C8307F-0CED-4421-BE45-DC268DD64EAE}.Release|iPhone.ActiveCfg = Release|x86
		{B3C8307F-0CED-4421-BE45-DC268DD64EAE}.Release|iPhoneSimulator.ActiveCfg = Release|x86
		{B3C8307F-0CED-4421-BE45-DC268DD64EAE}.Release|x64.ActiveCfg = Release|x64
		{B3C8307F-0CED-4421-BE45-DC268DD64EAE}.Release|x64.Build.0 = Release|x64
		{B3C8307F-0CED-4421-BE45-DC268DD64EAE}.Release|x64.Deploy.0 = Release|x64
		{B3C8307F-0CED-4421-BE45-DC268DD64EAE}.Release|x86.ActiveCfg = Release|x86
		{B3C8307F-0CED-4421-BE45-DC268DD64EAE}.Release|x86.Build.0 = Release|x86
		{B3C8307F-0CED-4421-BE45-DC268DD64EAE}.Release|x86.Deploy.0 = Release|x86
		{055959C4-B244-4793-9F98-3480D007BFC8}.Ad-Hoc|Any CPU.ActiveCfg = Ad-Hoc|iPhone
		{055959C4-B244-4793-9F98-3480D007BFC8}.Ad-Hoc|ARM.ActiveCfg = Ad-Hoc|iPhone
		{055959C4-B244-4793-9F98-3480D007BFC8}.Ad-Hoc|iPhone.ActiveCfg = Ad-Hoc|iPhone
		{055959C4-B244-4793-9F98-3480D007BFC8}.Ad-Hoc|iPhone.Build.0 = Ad-Hoc|iPhone
		{055959C4-B244-4793-9F98-3480D007BFC8}.Ad-Hoc|iPhoneSimulator.ActiveCfg = Ad-Hoc|iPhoneSimulator
		{055959C4-B244-4793-9F98-3480D007BFC8}.Ad-Hoc|iPhoneSimulator.Build.0 = Ad-Hoc|iPhoneSimulator
		{055959C4-B244-4793-9F98-3480D007BFC8}.Ad-Hoc|x64.ActiveCfg = Ad-Hoc|iPhone
		{055959C4-B244-4793-9F98-3480D007BFC8}.Ad-Hoc|x86.ActiveCfg = Ad-Hoc|iPhone
		{055959C4-B244-4793-9F98-3480D007BFC8}.AppStore|Any CPU.ActiveCfg = AppStore|iPhone
		{055959C4-B244-4793-9F98-3480D007BFC8}.AppStore|ARM.ActiveCfg = AppStore|iPhone
		{055959C4-B244-4793-9F98-3480D007BFC8}.AppStore|iPhone.ActiveCfg = AppStore|iPhone
		{055959C4-B244-4793-9F98-3480D007BFC8}.AppStore|iPhone.Build.0 = AppStore|iPhone
		{055959C4-B244-4793-9F98-3480D007BFC8}.AppStore|iPhoneSimulator.ActiveCfg = AppStore|iPhoneSimulator
		{055959C4-B244-4793-9F98-3480D007BFC8}.AppStore|iPhoneSimulator.Build.0 = AppStore|iPhoneSimulator
		{055959C4-B244-4793-9F98-3480D007BFC8}.AppStore|x64.ActiveCfg = AppStore|iPhone
		{055959C4-B244-4793-9F98-3480D007BFC8}.AppStore|x86.ActiveCfg = AppStore|iPhone
		{055959C4-B244-4793-9F98-3480D007BFC8}.Debug|Any CPU.ActiveCfg = Debug|iPhone
		{055959C4-B244-4793-9F98-3480D007BFC8}.Debug|ARM.ActiveCfg = Debug|iPhone
		{055959C4-B244-4793-9F98-3480D007BFC8}.Debug|iPhone.ActiveCfg = Debug|iPhone
		{055959C4-B244-4793-9F98-3480D007BFC8}.Debug|iPhone.Build.0 = Debug|iPhone
		{055959C4-B244-4793-9F98-3480D007BFC8}.Debug|iPhoneSimulator.ActiveCfg = Debug|iPhoneSimulator
		{055959C4-B244-4793-9F98-3480D007BFC8}.Debug|iPhoneSimulator.Build.0 = Debug|iPhoneSimulator
		{055959C4-B244-4793-9F98-3480D007BFC8}.Debug|x64.ActiveCfg = Debug|iPhone
		{055959C4-B244-4793-9F98-3480D007BFC8}.Debug|x86.ActiveCfg = Debug|iPhone
		{055959C4-B244-4793-9F98-3480D007BFC8}.Release|Any CPU.ActiveCfg = Release|iPhone
		{055959C4-B244-4793-9F98-3480D007BFC8}.Release|ARM.ActiveCfg = Release|iPhone
		{055959C4-B244-4793-9F98-3480D007BFC8}.Release|iPhone.ActiveCfg = Release|iPhone
		{055959C4-B244-4793-9F98-3480D007BFC8}.Release|iPhone.Build.0 = Release|iPhone
		{055959C4-B244-4793-9F98-3480D007BFC8}.Release|iPhoneSimulator.ActiveCfg = Release|iPhoneSimulator
		{055959C4-B244-4793-9F98-3480D007BFC8}.Release|iPhoneSimulator.Build.0 = Release|iPhoneSimulator
		{055959C4-B244-4793-9F98-3480D007BFC8}.Release|x64.ActiveCfg = Release|iPhone
		{055959C4-B244-4793-9F98-3480D007BFC8}.Release|x86.ActiveCfg = Release|iPhone
		{2E3DF5C2-8A38-4A03-86D7-8D463C917E47}.Ad-Hoc|Any CPU.ActiveCfg = Release|Any CPU
		{2E3DF5C2-8A38-4A03-86D7-8D463C917E47}.Ad-Hoc|Any CPU.Build.0 = Release|Any CPU
		{2E3DF5C2-8A38-4A03-86D7-8D463C917E47}.Ad-Hoc|ARM.ActiveCfg = Release|Any CPU
		{2E3DF5C2-8A38-4A03-86D7-8D463C917E47}.Ad-Hoc|ARM.Build.0 = Release|Any CPU
		{2E3DF5C2-8A38-4A03-86D7-8D463C917E47}.Ad-Hoc|iPhone.ActiveCfg = Release|Any CPU
		{2E3DF5C2-8A38-4A03-86D7-8D463C917E47}.Ad-Hoc|iPhone.Build.0 = Release|Any CPU
		{2E3DF5C2-8A38-4A03-86D7-8D463C917E47}.Ad-Hoc|iPhoneSimulator.ActiveCfg = Release|Any CPU
		{2E3DF5C2-8A38-4A03-86D7-8D463C917E47}.Ad-Hoc|iPhoneSimulator.Build.0 = Release|Any CPU
		{2E3DF5C2-8A38-4A03-86D7-8D463C917E47}.Ad-Hoc|x64.ActiveCfg = Release|Any CPU
		{2E3DF5C2-8A38-4A03-86D7-8D463C917E47}.Ad-Hoc|x64.Build.0 = Release|Any CPU
		{2E3DF5C2-8A38-4A03-86D7-8D463C917E47}.Ad-Hoc|x86.ActiveCfg = Release|Any CPU
		{2E3DF5C2-8A38-4A03-86D7-8D463C917E47}.Ad-Hoc|x86.Build.0 = Release|Any CPU
		{2E3DF5C2-8A38-4A03-86D7-8D463C917E47}.AppStore|Any CPU.ActiveCfg = Release|Any CPU
		{2E3DF5C2-8A38-4A03-86D7-8D463C917E47}.AppStore|Any CPU.Build.0 = Release|Any CPU
		{2E3DF5C2-8A38-4A03-86D7-8D463C917E47}.AppStore|ARM.ActiveCfg = Release|Any CPU
		{2E3DF5C2-8A38-4A03-86D7-8D463C917E47}.AppStore|ARM.Build.0 = Release|Any CPU
		{2E3DF5C2-8A38-4A03-86D7-8D463C917E47}.AppStore|iPhone.ActiveCfg = Release|Any CPU
		{2E3DF5C2-8A38-4A03-86D7-8D463C917E47}.AppStore|iPhone.Build.0 = Release|Any CPU
		{2E3DF5C2-8A38-4A03-86D7-8D463C917E47}.AppStore|iPhoneSimulator.ActiveCfg = Release|Any CPU
		{2E3DF5C2-8A38-4A03-86D7-8D463C917E47}.AppStore|iPhoneSimulator.Build.0 = Release|Any CPU
		{2E3DF5C2-8A38-4A03-86D7-8D463C917E47}.AppStore|x64.ActiveCfg = Release|Any CPU
		{2E3DF5C2-8A38-4A03-86D7-8D463C917E47}.AppStore|x64.Build.0 = Release|Any CPU
		{2E3DF5C2-8A38-4A03-86D7-8D463C917E47}.AppStore|x86.ActiveCfg = Release|Any CPU
		{2E3DF5C2-8A38-4A03-86D7-8D463C917E47}.AppStore|x86.Build.0 = Release|Any CPU
		{2E3DF5C2-8A38-4A03-86D7-8D463C917E47}.Debug|Any CPU.ActiveCfg = Debug|Any CPU
		{2E3DF5C2-8A38-4A03-86D7-8D463C917E47}.Debug|Any CPU.Build.0 = Debug|Any CPU
		{2E3DF5C2-8A38-4A03-86D7-8D463C917E47}.Debug|ARM.ActiveCfg = Debug|Any CPU
		{2E3DF5C2-8A38-4A03-86D7-8D463C917E47}.Debug|ARM.Build.0 = Debug|Any CPU
		{2E3DF5C2-8A38-4A03-86D7-8D463C917E47}.Debug|iPhone.ActiveCfg = Debug|Any CPU
		{2E3DF5C2-8A38-4A03-86D7-8D463C917E47}.Debug|iPhone.Build.0 = Debug|Any CPU
		{2E3DF5C2-8A38-4A03-86D7-8D463C917E47}.Debug|iPhoneSimulator.ActiveCfg = Debug|Any CPU
		{2E3DF5C2-8A38-4A03-86D7-8D463C917E47}.Debug|iPhoneSimulator.Build.0 = Debug|Any CPU
		{2E3DF5C2-8A38-4A03-86D7-8D463C917E47}.Debug|x64.ActiveCfg = Debug|Any CPU
		{2E3DF5C2-8A38-4A03-86D7-8D463C917E47}.Debug|x64.Build.0 = Debug|Any CPU
		{2E3DF5C2-8A38-4A03-86D7-8D463C917E47}.Debug|x86.ActiveCfg = Debug|Any CPU
		{2E3DF5C2-8A38-4A03-86D7-8D463C917E47}.Debug|x86.Build.0 = Debug|Any CPU
		{2E3DF5C2-8A38-4A03-86D7-8D463C917E47}.Release|Any CPU.ActiveCfg = Release|Any CPU
		{2E3DF5C2-8A38-4A03-86D7-8D463C917E47}.Release|Any CPU.Build.0 = Release|Any CPU
		{2E3DF5C2-8A38-4A03-86D7-8D463C917E47}.Release|ARM.ActiveCfg = Release|Any CPU
		{2E3DF5C2-8A38-4A03-86D7-8D463C917E47}.Release|ARM.Build.0 = Release|Any CPU
		{2E3DF5C2-8A38-4A03-86D7-8D463C917E47}.Release|iPhone.ActiveCfg = Release|Any CPU
		{2E3DF5C2-8A38-4A03-86D7-8D463C917E47}.Release|iPhone.Build.0 = Release|Any CPU
		{2E3DF5C2-8A38-4A03-86D7-8D463C917E47}.Release|iPhoneSimulator.ActiveCfg = Release|Any CPU
		{2E3DF5C2-8A38-4A03-86D7-8D463C917E47}.Release|iPhoneSimulator.Build.0 = Release|Any CPU
		{2E3DF5C2-8A38-4A03-86D7-8D463C917E47}.Release|x64.ActiveCfg = Release|Any CPU
		{2E3DF5C2-8A38-4A03-86D7-8D463C917E47}.Release|x64.Build.0 = Release|Any CPU
		{2E3DF5C2-8A38-4A03-86D7-8D463C917E47}.Release|x86.ActiveCfg = Release|Any CPU
		{2E3DF5C2-8A38-4A03-86D7-8D463C917E47}.Release|x86.Build.0 = Release|Any CPU
	EndGlobalSection
	GlobalSection(SolutionProperties) = preSolution
		HideSolutionNode = FALSE
	EndGlobalSection
EndGlobal
